
Microsoft Visual Studio Solution File, Format Version 12.00
# Visual Studio Version 17
VisualStudioVersion = 17.11.35312.102
MinimumVisualStudioVersion = 10.0.40219.1
Project("{FAE04EC0-301F-11D3-BF4B-00C04F79EFBC}") = "Pendu", "Pendu\Pendu.csproj", "{3F78DC8F-E0E3-4187-A876-7BAD6E732302}"
EndProject
Global
	GlobalSection(SolutionConfigurationPlatforms) = preSolution
		Debug|Any CPU = Debug|Any CPU
		Release|Any CPU = Release|Any CPU
	EndGlobalSection
	GlobalSection(ProjectConfigurationPlatforms) = postSolution
		{3F78DC8F-E0E3-4187-A876-7BAD6E732302}.Debug|Any CPU.ActiveCfg = Debug|Any CPU
		{3F78DC8F-E0E3-4187-A876-7BAD6E732302}.Debug|Any CPU.Build.0 = Debug|Any CPU
		{3F78DC8F-E0E3-4187-A876-7BAD6E732302}.Release|Any CPU.ActiveCfg = Release|Any CPU
		{3F78DC8F-E0E3-4187-A876-7BAD6E732302}.Release|Any CPU.Build.0 = Release|Any CPU
	EndGlobalSection
	GlobalSection(SolutionProperties) = preSolution
		HideSolutionNode = FALSE
	EndGlobalSection
	GlobalSection(ExtensibilityGlobals) = postSolution
		SolutionGuid = {37DAF2C6-875A-4FD4-BF81-333FE785585F}
	EndGlobalSection
EndGlobal
